
Microsoft Visual Studio Solution File, Format Version 12.00
# Visual Studio Version 17
VisualStudioVersion = 17.11.35327.3
MinimumVisualStudioVersion = 10.0.40219.1
Project("{FAE04EC0-301F-11D3-BF4B-00C04F79EFBC}") = "Bogdan_Cristina_Lab1", "Bogdan_Cristina_Lab1.csproj", "{4CE00477-8B8F-4325-8CF5-B33FA66FB1C2}"
EndProject
Global
	GlobalSection(SolutionConfigurationPlatforms) = preSolution
		Debug|Any CPU = Debug|Any CPU
		Release|Any CPU = Release|Any CPU
	EndGlobalSection
	GlobalSection(ProjectConfigurationPlatforms) = postSolution
		{4CE00477-8B8F-4325-8CF5-B33FA66FB1C2}.Debug|Any CPU.ActiveCfg = Debug|Any CPU
		{4CE00477-8B8F-4325-8CF5-B33FA66FB1C2}.Debug|Any CPU.Build.0 = Debug|Any CPU
		{4CE00477-8B8F-4325-8CF5-B33FA66FB1C2}.Release|Any CPU.ActiveCfg = Release|Any CPU
		{4CE00477-8B8F-4325-8CF5-B33FA66FB1C2}.Release|Any CPU.Build.0 = Release|Any CPU
	EndGlobalSection
	GlobalSection(SolutionProperties) = preSolution
		HideSolutionNode = FALSE
	EndGlobalSection
	GlobalSection(ExtensibilityGlobals) = postSolution
		SolutionGuid = {E29E6E05-1564-4222-AD6B-9C101141189E}
	EndGlobalSection
EndGlobal
